Microsoft Visual Studio Solution File, Format Version 12.00
# Visual Studio Version 17
VisualStudioVersion = 17.5.2.0
MinimumVisualStudioVersion = 10.0.40219.1
Project("{FAE04EC0-301F-11D3-BF4B-00C04F79EFBC}") = "ConsoleProject.NET", "ConsoleProject.NET.csproj", "{1C856E99-1D5C-C5C8-54BE-153BD0545687}"
EndProject
Global
	GlobalSection(SolutionConfigurationPlatforms) = preSolution
		Debug|Any CPU = Debug|Any CPU
		Release|Any CPU = Release|Any CPU
	EndGlobalSection
	GlobalSection(ProjectConfigurationPlatforms) = postSolution
		{1C856E99-1D5C-C5C8-54BE-153BD0545687}.Debug|Any CPU.ActiveCfg = Debug|Any CPU
		{1C856E99-1D5C-C5C8-54BE-153BD0545687}.Debug|Any CPU.Build.0 = Debug|Any CPU
		{1C856E99-1D5C-C5C8-54BE-153BD0545687}.Release|Any CPU.ActiveCfg = Release|Any CPU
		{1C856E99-1D5C-C5C8-54BE-153BD0545687}.Release|Any CPU.Build.0 = Release|Any CPU
	EndGlobalSection
	GlobalSection(SolutionProperties) = preSolution
		HideSolutionNode = FALSE
	EndGlobalSection
	GlobalSection(ExtensibilityGlobals) = postSolution
		SolutionGuid = {EFD529D9-2035-4D17-B2D2-4371795ED356}
	EndGlobalSection
EndGlobal
